
Microsoft Visual Studio Solution File, Format Version 12.00
# Visual Studio 2012
Project("{FAE04EC0-301F-11D3-BF4B-00C04F79EFBC}") = "FasterHashing", "FasterHashing\FasterHashing.csproj", "{C70E5674-432A-4319-B639-A320885B3476}"
EndProject
Project("{FAE04EC0-301F-11D3-BF4B-00C04F79EFBC}") = "FasterHashingTester", "FasterHashingTester\FasterHashingTester.csproj", "{B24C55C3-4BC1-4C25-8E62-E0A25C5761FB}"
EndProject
Global
	GlobalSection(SolutionConfigurationPlatforms) = preSolution
		Debug|x86 = Debug|x86
		Release|x86 = Release|x86
		Release|x64 = Release|x64
		Debug|x64 = Debug|x64
	EndGlobalSection
	GlobalSection(ProjectConfigurationPlatforms) = postSolution
		{C70E5674-432A-4319-B639-A320885B3476}.Debug|x86.ActiveCfg = Debug|Any CPU
		{C70E5674-432A-4319-B639-A320885B3476}.Debug|x86.Build.0 = Debug|Any CPU
		{C70E5674-432A-4319-B639-A320885B3476}.Release|x86.ActiveCfg = Release|Any CPU
		{C70E5674-432A-4319-B639-A320885B3476}.Release|x86.Build.0 = Release|Any CPU
		{C70E5674-432A-4319-B639-A320885B3476}.Release|x64.ActiveCfg = Release|Any CPU
		{C70E5674-432A-4319-B639-A320885B3476}.Release|x64.Build.0 = Release|Any CPU
		{C70E5674-432A-4319-B639-A320885B3476}.Debug|x64.ActiveCfg = Debug|Any CPU
		{C70E5674-432A-4319-B639-A320885B3476}.Debug|x64.Build.0 = Debug|Any CPU
		{B24C55C3-4BC1-4C25-8E62-E0A25C5761FB}.Debug|x86.ActiveCfg = Debug|x86
		{B24C55C3-4BC1-4C25-8E62-E0A25C5761FB}.Debug|x86.Build.0 = Debug|x86
		{B24C55C3-4BC1-4C25-8E62-E0A25C5761FB}.Release|x86.ActiveCfg = Release|x86
		{B24C55C3-4BC1-4C25-8E62-E0A25C5761FB}.Release|x86.Build.0 = Release|x86
		{B24C55C3-4BC1-4C25-8E62-E0A25C5761FB}.Release|x64.ActiveCfg = Release|x64
		{B24C55C3-4BC1-4C25-8E62-E0A25C5761FB}.Release|x64.Build.0 = Release|x64
		{B24C55C3-4BC1-4C25-8E62-E0A25C5761FB}.Debug|x64.ActiveCfg = Debug|x64
		{B24C55C3-4BC1-4C25-8E62-E0A25C5761FB}.Debug|x64.Build.0 = Debug|x64
	EndGlobalSection
	GlobalSection(MonoDevelopProperties) = preSolution
		version = 1.1.2
	EndGlobalSection
EndGlobal
